Microsoft Visual Studio Solution File, Format Version 11.00
# Visual Studio 2008

Project("{67524210-524B-62AD-06B8-FC7C6DC7135E}") = "Louis", "Assembly-CSharp-firstpass.csproj", "{243F109A-29B5-3DAE-02E2-8D69BEF8514D}"
EndProject
Project("{67524210-524B-62AD-06B8-FC7C6DC7135E}") = "Louis", "Assembly-CSharp.csproj", "{69786C8F-126F-D92A-204C-A547898D3B03}"
EndProject
Project("{67524210-524B-62AD-06B8-FC7C6DC7135E}") = "Louis", "Assembly-UnityScript-firstpass.unityproj", "{33318503-8420-5B8B-73D7-47C36259516C}"
EndProject
Global
	GlobalSection(SolutionConfigurationPlatforms) = preSolution
		Debug|Any CPU = Debug|Any CPU
		Release|Any CPU = Release|Any CPU
	EndGlobalSection
	GlobalSection(ProjectConfigurationPlatforms) = postSolution
		{243F109A-29B5-3DAE-02E2-8D69BEF8514D}.Debug|Any CPU.ActiveCfg = Debug|Any CPU
		{243F109A-29B5-3DAE-02E2-8D69BEF8514D}.Debug|Any CPU.Build.0 = Debug|Any CPU
		{243F109A-29B5-3DAE-02E2-8D69BEF8514D}.Release|Any CPU.ActiveCfg = Release|Any CPU
		{243F109A-29B5-3DAE-02E2-8D69BEF8514D}.Release|Any CPU.Build.0 = Release|Any CPU
		{69786C8F-126F-D92A-204C-A547898D3B03}.Debug|Any CPU.ActiveCfg = Debug|Any CPU
		{69786C8F-126F-D92A-204C-A547898D3B03}.Debug|Any CPU.Build.0 = Debug|Any CPU
		{69786C8F-126F-D92A-204C-A547898D3B03}.Release|Any CPU.ActiveCfg = Release|Any CPU
		{69786C8F-126F-D92A-204C-A547898D3B03}.Release|Any CPU.Build.0 = Release|Any CPU
		{33318503-8420-5B8B-73D7-47C36259516C}.Debug|Any CPU.ActiveCfg = Debug|Any CPU
		{33318503-8420-5B8B-73D7-47C36259516C}.Debug|Any CPU.Build.0 = Debug|Any CPU
		{33318503-8420-5B8B-73D7-47C36259516C}.Release|Any CPU.ActiveCfg = Release|Any CPU
		{33318503-8420-5B8B-73D7-47C36259516C}.Release|Any CPU.Build.0 = Release|Any CPU
	EndGlobalSection
	GlobalSection(SolutionProperties) = preSolution
		HideSolutionNode = FALSE
	EndGlobalSection
																																																																																								GlobalSection(MonoDevelopProperties) = preSolution
		StartupItem = Assembly-CSharp.csproj
		Policies = $0
		$0.TextStylePolicy = $1
		$1.inheritsSet = null
		$1.scope = text/x-csharp
		$0.CSharpFormattingPolicy = $2
		$2.inheritsSet = Mono
		$2.inheritsScope = text/x-csharp
		$2.scope = text/x-csharp
		$0.TextStylePolicy = $3
		$3.FileWidth = 120
		$3.TabWidth = 4
		$3.EolMarker = Unix
		$3.inheritsSet = Mono
		$3.inheritsScope = text/plain
		$3.scope = text/plain
	EndGlobalSection

EndGlobal
